{
  "object": {
    "pins": [
      {
        "package": "RVS_Generic_Swift_Toolbox",
        "repositoryURL": "git@github.com:RiftValleySoftware/RVS_Generic_Swift_Toolbox.git",
        "state": {
          "branch": "master",
          "revision": "eb9d5aa8bcbd0fd54701ab2fa14c6d2c6d98ac16",
          "version": null
        }
      }
    ]
  },
  "version": 1
}
